// !$*UTF8*$!
{
	archiveVersion = 1;
	classes = {
	};
	objectVersion = 55;
	objects = {

/* Begin PBXBuildFile section */
		FF47C57127E07F310098A6E9 /* AppDelegate.swift in Sources */ = {isa = PBXBuildFile; fileRef = FF47C57027E07F310098A6E9 /* AppDelegate.swift */; };
		FF47C57727E0A0EC0098A6E9 /* SecondViewController.swift in Sources */ = {isa = PBXBuildFile; fileRef = FF47C57627E0A0EC0098A6E9 /* SecondViewController.swift */; };
		FFAEF97A27D20B3E003C623A /* SceneDelegate.swift in Sources */ = {isa = PBXBuildFile; fileRef = FFAEF97927D20B3E003C623A /* SceneDelegate.swift */; };
		FFAEF97C27D20B3E003C623A /* ViewController.swift in Sources */ = {isa = PBXBuildFile; fileRef = FFAEF97B27D20B3E003C623A /* ViewController.swift */; };
		FFAEF97F27D20B3E003C623A /* Main.storyboard in Resources */ = {isa = PBXBuildFile; fileRef = FFAEF97D27D20B3E003C623A /* Main.storyboard */; };
		FFAEF98127D20B3F003C623A /* Assets.xcassets in Resources */ = {isa = PBXBuildFile; fileRef = FFAEF98027D20B3F003C623A /* Assets.xcassets */; };
		FFAEF98427D20B3F003C623A /* LaunchScreen.storyboard in Resources */ = {isa = PBXBuildFile; fileRef = FFAEF98227D20B3F003C623A /* LaunchScreen.storyboard */; };
		FFAEF98F27D20B3F003C623A /* IOSOverviewTests.swift in Sources */ = {isa = PBXBuildFile; fileRef = FFAEF98E27D20B3F003C623A /* IOSOverviewTests.swift */; };
		FFAEF99927D20B3F003C623A /* IOSOverviewUITests.swift in Sources */ = {isa = PBXBuildFile; fileRef = FFAEF99827D20B3F003C623A /* IOSOverviewUITests.swift */; };
		FFBDF2B92806C20F004B1529 /* AdvancedAutoLayout.storyboard in Resources */ = {isa = PBXBuildFile; fileRef = FFBDF2B82806C20F004B1529 /* AdvancedAutoLayout.storyboard */; };
		FFF3498728166F9A00FAAE76 /* AdvancedAutoLayoutViewController.swift in Sources */ = {isa = PBXBuildFile; fileRef = FFF3498628166F9A00FAAE76 /* AdvancedAutoLayoutViewController.swift */; };
		FFF349892816709C00FAAE76 /* AutoLayoutViewController.swift in Sources */ = {isa = PBXBuildFile; fileRef = FFF349882816709C00FAAE76 /* AutoLayoutViewController.swift */; };
		FFF3498B281670E400FAAE76 /* SizeClassViewController.swift in Sources */ = {isa = PBXBuildFile; fileRef = FFF3498A281670E400FAAE76 /* SizeClassViewController.swift */; };
		FFF3498D2816725800FAAE76 /* ExerciseViewController.swift in Sources */ = {isa = PBXBuildFile; fileRef = FFF3498C2816725800FAAE76 /* ExerciseViewController.swift */; };
/* End PBXBuildFile section */

/* Begin PBXContainerItemProxy section */
		FFAEF98B27D20B3F003C623A /* PBXContainerItemProxy */ = {
			isa = PBXContainerItemProxy;
			containerPortal = FFAEF96C27D20B3E003C623A /* Project object */;
			proxyType = 1;
			remoteGlobalIDString = FFAEF97327D20B3E003C623A;
			remoteInfo = IOSOverview;
		};
		FFAEF99527D20B3F003C623A /* PBXContainerItemProxy */ = {
			isa = PBXContainerItemProxy;
			containerPortal = FFAEF96C27D20B3E003C623A /* Project object */;
			proxyType = 1;
			remoteGlobalIDString = FFAEF97327D20B3E003C623A;
			remoteInfo = IOSOverview;
		};
/* End PBXContainerItemProxy section */

/* Begin PBXFileReference section */
		FF2BE69D27D5F9770066B17D /* DictonariesExample.playground */ = {isa = PBXFileReference; lastKnownFileType = file.playground; path = DictonariesExample.playground; sourceTree = "<group>"; xcLanguageSpecificationIdentifier = xcode.lang.swift; };
		FF2BE69E27D61BF70066B17D /* OptionalsExample.playground */ = {isa = PBXFileReference; lastKnownFileType = file.playground; path = OptionalsExample.playground; sourceTree = "<group>"; xcLanguageSpecificationIdentifier = xcode.lang.swift; };
		FF2BE69F27D627DA0066B17D /* Chapter-2Exercise.playground */ = {isa = PBXFileReference; lastKnownFileType = file.playground; path = "Chapter-2Exercise.playground"; sourceTree = "<group>"; xcLanguageSpecificationIdentifier = xcode.lang.swift; };
		FF2BE6A027D758000066B17D /* OptionalExtraExamples.playground */ = {isa = PBXFileReference; lastKnownFileType = file.playground; path = OptionalExtraExamples.playground; sourceTree = "<group>"; xcLanguageSpecificationIdentifier = xcode.lang.swift; };
		FF2FD63D27DF399F0042B35B /* ErrorHandling.playground */ = {isa = PBXFileReference; lastKnownFileType = file.playground; path = ErrorHandling.playground; sourceTree = "<group>"; xcLanguageSpecificationIdentifier = xcode.lang.swift; };
		FF2FD63E27DF5F590042B35B /* ExtensionsExample.playground */ = {isa = PBXFileReference; lastKnownFileType = file.playground; path = ExtensionsExample.playground; sourceTree = "<group>"; xcLanguageSpecificationIdentifier = xcode.lang.swift; };
		FF47C57027E07F310098A6E9 /* AppDelegate.swift */ = {isa = PBXFileReference; lastKnownFileType = sourcecode.swift; path = AppDelegate.swift; sourceTree = "<group>"; };
		FF47C57627E0A0EC0098A6E9 /* SecondViewController.swift */ = {isa = PBXFileReference; lastKnownFileType = sourcecode.swift; path = SecondViewController.swift; sourceTree = "<group>"; };
		FF5E6B2427EC5D710074D871 /* SetExample.playground */ = {isa = PBXFileReference; lastKnownFileType = file.playground; name = SetExample.playground; path = ../../../../../romapatel/Desktop/SetExample.playground; sourceTree = "<group>"; xcLanguageSpecificationIdentifier = xcode.lang.swift; };
		FF7490B227D89C2A008345EA /* EnumerationExample.playground */ = {isa = PBXFileReference; lastKnownFileType = file.playground; path = EnumerationExample.playground; sourceTree = "<group>"; xcLanguageSpecificationIdentifier = xcode.lang.swift; };
		FF7490B327D8CCE9008345EA /* ClassExample.playground */ = {isa = PBXFileReference; lastKnownFileType = file.playground; path = ClassExample.playground; sourceTree = "<group>"; xcLanguageSpecificationIdentifier = xcode.lang.swift; };
		FF92FC7527D20DF9002873A5 /* VariableExample.playground */ = {isa = PBXFileReference; lastKnownFileType = file.playground; path = VariableExample.playground; sourceTree = "<group>"; xcLanguageSpecificationIdentifier = xcode.lang.swift; };
		FF92FC7627D20FC1002873A5 /* OperatorExample.playground */ = {isa = PBXFileReference; lastKnownFileType = file.playground; path = OperatorExample.playground; sourceTree = "<group>"; xcLanguageSpecificationIdentifier = xcode.lang.swift; };
		FF92FC7727D21307002873A5 /* WorkingWithTextExample.playground */ = {isa = PBXFileReference; lastKnownFileType = file.playground; path = WorkingWithTextExample.playground; sourceTree = "<group>"; xcLanguageSpecificationIdentifier = xcode.lang.swift; };
		FF92FC7827D21AD8002873A5 /* ControlFlowExample.playground */ = {isa = PBXFileReference; lastKnownFileType = file.playground; path = ControlFlowExample.playground; sourceTree = "<group>"; xcLanguageSpecificationIdentifier = xcode.lang.swift; };
		FF92FC7927D22437002873A5 /* ArrayExample.playground */ = {isa = PBXFileReference; lastKnownFileType = file.playground; path = ArrayExample.playground; sourceTree = "<group>"; xcLanguageSpecificationIdentifier = xcode.lang.swift; };
		FFA91B1527DA21DD008DA2EE /* StructureExample.playground */ = {isa = PBXFileReference; lastKnownFileType = file.playground; path = StructureExample.playground; sourceTree = "<group>"; xcLanguageSpecificationIdentifier = xcode.lang.swift; };
		FFAEF97427D20B3E003C623A /* IOSOverview.app */ = {isa = PBXFileReference; explicitFileType = wrapper.application; includeInIndex = 0; path = IOSOverview.app; sourceTree = BUILT_PRODUCTS_DIR; };
		FFAEF97927D20B3E003C623A /* SceneDelegate.swift */ = {isa = PBXFileReference; lastKnownFileType = sourcecode.swift; path = SceneDelegate.swift; sourceTree = "<group>"; };
		FFAEF97B27D20B3E003C623A /* ViewController.swift */ = {isa = PBXFileReference; lastKnownFileType = sourcecode.swift; path = ViewController.swift; sourceTree = "<group>"; };
		FFAEF97E27D20B3E003C623A /* Base */ = {isa = PBXFileReference; lastKnownFileType = file.storyboard; name = Base; path = Base.lproj/Main.storyboard; sourceTree = "<group>"; };
		FFAEF98027D20B3F003C623A /* Assets.xcassets */ = {isa = PBXFileReference; lastKnownFileType = folder.assetcatalog; path = Assets.xcassets; sourceTree = "<group>"; };
		FFAEF98327D20B3F003C623A /* Base */ = {isa = PBXFileReference; lastKnownFileType = file.storyboard; name = Base; path = Base.lproj/LaunchScreen.storyboard; sourceTree = "<group>"; };
		FFAEF98527D20B3F003C623A /* Info.plist */ = {isa = PBXFileReference; lastKnownFileType = text.plist.xml; path = Info.plist; sourceTree = "<group>"; };
		FFAEF98A27D20B3F003C623A /* IOSOverviewTests.xctest */ = {isa = PBXFileReference; explicitFileType = wrapper.cfbundle; includeInIndex = 0; path = IOSOverviewTests.xctest; sourceTree = BUILT_PRODUCTS_DIR; };
		FFAEF98E27D20B3F003C623A /* IOSOverviewTests.swift */ = {isa = PBXFileReference; lastKnownFileType = sourcecode.swift; path = IOSOverviewTests.swift; sourceTree = "<group>"; };
		FFAEF99427D20B3F003C623A /* IOSOverviewUITests.xctest */ = {isa = PBXFileReference; explicitFileType = wrapper.cfbundle; includeInIndex = 0; path = IOSOverviewUITests.xctest; sourceTree = BUILT_PRODUCTS_DIR; };
		FFAEF99827D20B3F003C623A /* IOSOverviewUITests.swift */ = {isa = PBXFileReference; lastKnownFileType = sourcecode.swift; path = IOSOverviewUITests.swift; sourceTree = "<group>"; };
		FFBDF2B82806C20F004B1529 /* AdvancedAutoLayout.storyboard */ = {isa = PBXFileReference; lastKnownFileType = file.storyboard; path = AdvancedAutoLayout.storyboard; sourceTree = "<group>"; };
		FFD92A5627DB345E00F984FC /* Properties,Subscripts, Methods & Inheritance.playground */ = {isa = PBXFileReference; lastKnownFileType = file.playground; path = "Properties,Subscripts, Methods & Inheritance.playground"; sourceTree = "<group>"; xcLanguageSpecificationIdentifier = xcode.lang.swift; };
		FFF3498628166F9A00FAAE76 /* AdvancedAutoLayoutViewController.swift */ = {isa = PBXFileReference; lastKnownFileType = sourcecode.swift; path = AdvancedAutoLayoutViewController.swift; sourceTree = "<group>"; };
		FFF349882816709C00FAAE76 /* AutoLayoutViewController.swift */ = {isa = PBXFileReference; lastKnownFileType = sourcecode.swift; path = AutoLayoutViewController.swift; sourceTree = "<group>"; };
		FFF3498A281670E400FAAE76 /* SizeClassViewController.swift */ = {isa = PBXFileReference; lastKnownFileType = sourcecode.swift; path = SizeClassViewController.swift; sourceTree = "<group>"; };
		FFF3498C2816725800FAAE76 /* ExerciseViewController.swift */ = {isa = PBXFileReference; lastKnownFileType = sourcecode.swift; path = ExerciseViewController.swift; sourceTree = "<group>"; };
/* End PBXFileReference section */

/* Begin PBXFrameworksBuildPhase section */
		FFAEF97127D20B3E003C623A /* Frameworks */ = {
			isa = PBXFrameworksBuildPhase;
			buildActionMask = 2147483647;
			files = (
			);
			runOnlyForDeploymentPostprocessing = 0;
		};
		FFAEF98727D20B3F003C623A /* Frameworks */ = {
			isa = PBXFrameworksBuildPhase;
			buildActionMask = 2147483647;
			files = (
			);
			runOnlyForDeploymentPostprocessing = 0;
		};
		FFAEF99127D20B3F003C623A /* Frameworks */ = {
			isa = PBXFrameworksBuildPhase;
			buildActionMask = 2147483647;
			files = (
			);
			runOnlyForDeploymentPostprocessing = 0;
		};
/* End PBXFrameworksBuildPhase section */

/* Begin PBXGroup section */
		FF7490AF27D8721C008345EA /* AdvancedSwift_IOS(B) */ = {
			isa = PBXGroup;
			children = (
				FF5E6B2427EC5D710074D871 /* SetExample.playground */,
				FF7490B227D89C2A008345EA /* EnumerationExample.playground */,
				FF7490B327D8CCE9008345EA /* ClassExample.playground */,
				FFA91B1527DA21DD008DA2EE /* StructureExample.playground */,
				FFD92A5627DB345E00F984FC /* Properties,Subscripts, Methods & Inheritance.playground */,
				FF2FD63D27DF399F0042B35B /* ErrorHandling.playground */,
				FF2FD63E27DF5F590042B35B /* ExtensionsExample.playground */,
			);
			path = "AdvancedSwift_IOS(B)";
			sourceTree = "<group>";
		};
		FF92FC7427D20D86002873A5 /* IOSBasic */ = {
			isa = PBXGroup;
			children = (
				FF92FC7527D20DF9002873A5 /* VariableExample.playground */,
				FF92FC7627D20FC1002873A5 /* OperatorExample.playground */,
				FF92FC7727D21307002873A5 /* WorkingWithTextExample.playground */,
				FF92FC7827D21AD8002873A5 /* ControlFlowExample.playground */,
				FF92FC7927D22437002873A5 /* ArrayExample.playground */,
				FF2BE69D27D5F9770066B17D /* DictonariesExample.playground */,
				FF2BE69E27D61BF70066B17D /* OptionalsExample.playground */,
				FF2BE69F27D627DA0066B17D /* Chapter-2Exercise.playground */,
				FF2BE6A027D758000066B17D /* OptionalExtraExamples.playground */,
			);
			path = IOSBasic;
			sourceTree = "<group>";
		};
		FFAEF96B27D20B3E003C623A = {
			isa = PBXGroup;
			children = (
				FFAEF97627D20B3E003C623A /* IOSOverview */,
				FFAEF98D27D20B3F003C623A /* IOSOverviewTests */,
				FFAEF99727D20B3F003C623A /* IOSOverviewUITests */,
				FFAEF97527D20B3E003C623A /* Products */,
			);
			sourceTree = "<group>";
		};
		FFAEF97527D20B3E003C623A /* Products */ = {
			isa = PBXGroup;
			children = (
				FFAEF97427D20B3E003C623A /* IOSOverview.app */,
				FFAEF98A27D20B3F003C623A /* IOSOverviewTests.xctest */,
				FFAEF99427D20B3F003C623A /* IOSOverviewUITests.xctest */,
			);
			name = Products;
			sourceTree = "<group>";
		};
		FFAEF97627D20B3E003C623A /* IOSOverview */ = {
			isa = PBXGroup;
			children = (
				FFBDF2B72806C07C004B1529 /* AdvancedAutoLayout */,
				FF92FC7427D20D86002873A5 /* IOSBasic */,
				FF7490AF27D8721C008345EA /* AdvancedSwift_IOS(B) */,
				FFAEF97927D20B3E003C623A /* SceneDelegate.swift */,
				FF47C57027E07F310098A6E9 /* AppDelegate.swift */,
				FFAEF97B27D20B3E003C623A /* ViewController.swift */,
				FFAEF97D27D20B3E003C623A /* Main.storyboard */,
				FFAEF98027D20B3F003C623A /* Assets.xcassets */,
				FFAEF98227D20B3F003C623A /* LaunchScreen.storyboard */,
				FFAEF98527D20B3F003C623A /* Info.plist */,
				FF47C57627E0A0EC0098A6E9 /* SecondViewController.swift */,
			);
			path = IOSOverview;
			sourceTree = "<group>";
		};
		FFAEF98D27D20B3F003C623A /* IOSOverviewTests */ = {
			isa = PBXGroup;
			children = (
				FFAEF98E27D20B3F003C623A /* IOSOverviewTests.swift */,
			);
			path = IOSOverviewTests;
			sourceTree = "<group>";
		};
		FFAEF99727D20B3F003C623A /* IOSOverviewUITests */ = {
			isa = PBXGroup;
			children = (
				FFAEF99827D20B3F003C623A /* IOSOverviewUITests.swift */,
			);
			path = IOSOverviewUITests;
			sourceTree = "<group>";
		};
		FFBDF2B72806C07C004B1529 /* AdvancedAutoLayout */ = {
			isa = PBXGroup;
			children = (
				FFBDF2B82806C20F004B1529 /* AdvancedAutoLayout.storyboard */,
				FFF3498628166F9A00FAAE76 /* AdvancedAutoLayoutViewController.swift */,
				FFF349882816709C00FAAE76 /* AutoLayoutViewController.swift */,
				FFF3498A281670E400FAAE76 /* SizeClassViewController.swift */,
				FFF3498C2816725800FAAE76 /* ExerciseViewController.swift */,
			);
			path = AdvancedAutoLayout;
			sourceTree = "<group>";
		};
/* End PBXGroup section */

/* Begin PBXNativeTarget section */
		FFAEF97327D20B3E003C623A /* IOSOverview */ = {
			isa = PBXNativeTarget;
			buildConfigurationList = FFAEF99E27D20B3F003C623A /* Build configuration list for PBXNativeTarget "IOSOverview" */;
			buildPhases = (
				FFAEF97027D20B3E003C623A /* Sources */,
				FFAEF97127D20B3E003C623A /* Frameworks */,
				FFAEF97227D20B3E003C623A /* Resources */,
			);
			buildRules = (
			);
			dependencies = (
			);
			name = IOSOverview;
			productName = IOSOverview;
			productReference = FFAEF97427D20B3E003C623A /* IOSOverview.app */;
			productType = "com.apple.product-type.application";
		};
		FFAEF98927D20B3F003C623A /* IOSOverviewTests */ = {
			isa = PBXNativeTarget;
			buildConfigurationList = FFAEF9A127D20B3F003C623A /* Build configuration list for PBXNativeTarget "IOSOverviewTests" */;
			buildPhases = (
				FFAEF98627D20B3F003C623A /* Sources */,
				FFAEF98727D20B3F003C623A /* Frameworks */,
				FFAEF98827D20B3F003C623A /* Resources */,
			);
			buildRules = (
			);
			dependencies = (
				FFAEF98C27D20B3F003C623A /* PBXTargetDependency */,
			);
			name = IOSOverviewTests;
			productName = IOSOverviewTests;
			productReference = FFAEF98A27D20B3F003C623A /* IOSOverviewTests.xctest */;
			productType = "com.apple.product-type.bundle.unit-test";
		};
		FFAEF99327D20B3F003C623A /* IOSOverviewUITests */ = {
			isa = PBXNativeTarget;
			buildConfigurationList = FFAEF9A427D20B3F003C623A /* Build configuration list for PBXNativeTarget "IOSOverviewUITests" */;
			buildPhases = (
				FFAEF99027D20B3F003C623A /* Sources */,
				FFAEF99127D20B3F003C623A /* Frameworks */,
				FFAEF99227D20B3F003C623A /* Resources */,
			);
			buildRules = (
			);
			dependencies = (
				FFAEF99627D20B3F003C623A /* PBXTargetDependency */,
			);
			name = IOSOverviewUITests;
			productName = IOSOverviewUITests;
			productReference = FFAEF99427D20B3F003C623A /* IOSOverviewUITests.xctest */;
			productType = "com.apple.product-type.bundle.ui-testing";
		};
/* End PBXNativeTarget section */

/* Begin PBXProject section */
		FFAEF96C27D20B3E003C623A /* Project object */ = {
			isa = PBXProject;
			attributes = {
				BuildIndependentTargetsInParallel = 1;
				LastSwiftUpdateCheck = 1320;
				LastUpgradeCheck = 1320;
				TargetAttributes = {
					FFAEF97327D20B3E003C623A = {
						CreatedOnToolsVersion = 13.2.1;
					};
					FFAEF98927D20B3F003C623A = {
						CreatedOnToolsVersion = 13.2.1;
						TestTargetID = FFAEF97327D20B3E003C623A;
					};
					FFAEF99327D20B3F003C623A = {
						CreatedOnToolsVersion = 13.2.1;
						TestTargetID = FFAEF97327D20B3E003C623A;
					};
				};
			};
			buildConfigurationList = FFAEF96F27D20B3E003C623A /* Build configuration list for PBXProject "IOSOverview" */;
			compatibilityVersion = "Xcode 13.0";
			developmentRegion = en;
			hasScannedForEncodings = 0;
			knownRegions = (
				en,
				Base,
			);
			mainGroup = FFAEF96B27D20B3E003C623A;
			productRefGroup = FFAEF97527D20B3E003C623A /* Products */;
			projectDirPath = "";
			projectRoot = "";
			targets = (
				FFAEF97327D20B3E003C623A /* IOSOverview */,
				FFAEF98927D20B3F003C623A /* IOSOverviewTests */,
				FFAEF99327D20B3F003C623A /* IOSOverviewUITests */,
			);
		};
/* End PBXProject section */

/* Begin PBXResourcesBuildPhase section */
		FFAEF97227D20B3E003C623A /* Resources */ = {
			isa = PBXResourcesBuildPhase;
			buildActionMask = 2147483647;
			files = (
				FFAEF98427D20B3F003C623A /* LaunchScreen.storyboard in Resources */,
				FFBDF2B92806C20F004B1529 /* AdvancedAutoLayout.storyboard in Resources */,
				FFAEF98127D20B3F003C623A /* Assets.xcassets in Resources */,
				FFAEF97F27D20B3E003C623A /* Main.storyboard in Resources */,
			);
			runOnlyForDeploymentPostprocessing = 0;
		};
		FFAEF98827D20B3F003C623A /* Resources */ = {
			isa = PBXResourcesBuildPhase;
			buildActionMask = 2147483647;
			files = (
			);
			runOnlyForDeploymentPostprocessing = 0;
		};
		FFAEF99227D20B3F003C623A /* Resources */ = {
			isa = PBXResourcesBuildPhase;
			buildActionMask = 2147483647;
			files = (
			);
			runOnlyForDeploymentPostprocessing = 0;
		};
/* End PBXResourcesBuildPhase section */

/* Begin PBXSourcesBuildPhase section */
		FFAEF97027D20B3E003C623A /* Sources */ = {
			isa = PBXSourcesBuildPhase;
			buildActionMask = 2147483647;
			files = (
				FF47C57127E07F310098A6E9 /* AppDelegate.swift in Sources */,
				FFAEF97C27D20B3E003C623A /* ViewController.swift in Sources */,
				FFF3498B281670E400FAAE76 /* SizeClassViewController.swift in Sources */,
				FFF3498728166F9A00FAAE76 /* AdvancedAutoLayoutViewController.swift in Sources */,
				FF47C57727E0A0EC0098A6E9 /* SecondViewController.swift in Sources */,
				FFAEF97A27D20B3E003C623A /* SceneDelegate.swift in Sources */,
				FFF3498D2816725800FAAE76 /* ExerciseViewController.swift in Sources */,
				FFF349892816709C00FAAE76 /* AutoLayoutViewController.swift in Sources */,
			);
			runOnlyForDeploymentPostprocessing = 0;
		};
		FFAEF98627D20B3F003C623A /* Sources */ = {
			isa = PBXSourcesBuildPhase;
			buildActionMask = 2147483647;
			files = (
				FFAEF98F27D20B3F003C623A /* IOSOverviewTests.swift in Sources */,
			);
			runOnlyForDeploymentPostprocessing = 0;
		};
		FFAEF99027D20B3F003C623A /* Sources */ = {
			isa = PBXSourcesBuildPhase;
			buildActionMask = 2147483647;
			files = (
				FFAEF99927D20B3F003C623A /* IOSOverviewUITests.swift in Sources */,
			);
			runOnlyForDeploymentPostprocessing = 0;
		};
/* End PBXSourcesBuildPhase section */

/* Begin PBXTargetDependency section */
		FFAEF98C27D20B3F003C623A /* PBXTargetDependency */ = {
			isa = PBXTargetDependency;
			target = FFAEF97327D20B3E003C623A /* IOSOverview */;
			targetProxy = FFAEF98B27D20B3F003C623A /* PBXContainerItemProxy */;
		};
		FFAEF99627D20B3F003C623A /* PBXTargetDependency */ = {
			isa = PBXTargetDependency;
			target = FFAEF97327D20B3E003C623A /* IOSOverview */;
			targetProxy = FFAEF99527D20B3F003C623A /* PBXContainerItemProxy */;
		};
/* End PBXTargetDependency section */

/* Begin PBXVariantGroup section */
		FFAEF97D27D20B3E003C623A /* Main.storyboard */ = {
			isa = PBXVariantGroup;
			children = (
				FFAEF97E27D20B3E003C623A /* Base */,
			);
			name = Main.storyboard;
			sourceTree = "<group>";
		};
		FFAEF98227D20B3F003C623A /* LaunchScreen.storyboard */ = {
			isa = PBXVariantGroup;
			children = (
				FFAEF98327D20B3F003C623A /* Base */,
			);
			name = LaunchScreen.storyboard;
			sourceTree = "<group>";
		};
/* End PBXVariantGroup section */

/* Begin XCBuildConfiguration section */
		FFAEF99C27D20B3F003C623A /* Debug */ = {
			isa = XCBuildConfiguration;
			buildSettings = {
				ALWAYS_SEARCH_USER_PATHS = NO;
				CLANG_ANALYZER_NONNULL = YES;
				CLANG_ANALYZER_NUMBER_OBJECT_CONVERSION = YES_AGGRESSIVE;
				CLANG_CXX_LANGUAGE_STANDARD = "gnu++17";
				CLANG_CXX_LIBRARY = "libc++";
				CLANG_ENABLE_MODULES = YES;
				CLANG_ENABLE_OBJC_ARC = YES;
				CLANG_ENABLE_OBJC_WEAK = YES;
				CLANG_WARN_BLOCK_CAPTURE_AUTORELEASING = YES;
				CLANG_WARN_BOOL_CONVERSION = YES;
				CLANG_WARN_COMMA = YES;
				CLANG_WARN_CONSTANT_CONVERSION = YES;
				CLANG_WARN_DEPRECATED_OBJC_IMPLEMENTATIONS = YES;
				CLANG_WARN_DIRECT_OBJC_ISA_USAGE = YES_ERROR;
				CLANG_WARN_DOCUMENTATION_COMMENTS = YES;
				CLANG_WARN_EMPTY_BODY = YES;
				CLANG_WARN_ENUM_CONVERSION = YES;
				CLANG_WARN_INFINITE_RECURSION = YES;
				CLANG_WARN_INT_CONVERSION = YES;
				CLANG_WARN_NON_LITERAL_NULL_CONVERSION = YES;
				CLANG_WARN_OBJC_IMPLICIT_RETAIN_SELF = YES;
				CLANG_WARN_OBJC_LITERAL_CONVERSION = YES;
				CLANG_WARN_OBJC_ROOT_CLASS = YES_ERROR;
				CLANG_WARN_QUOTED_INCLUDE_IN_FRAMEWORK_HEADER = YES;
				CLANG_WARN_RANGE_LOOP_ANALYSIS = YES;
				CLANG_WARN_STRICT_PROTOTYPES = YES;
				CLANG_WARN_SUSPICIOUS_MOVE = YES;
				CLANG_WARN_UNGUARDED_AVAILABILITY = YES_AGGRESSIVE;
				CLANG_WARN_UNREACHABLE_CODE = YES;
				CLANG_WARN__DUPLICATE_METHOD_MATCH = YES;
				COPY_PHASE_STRIP = NO;
				DEBUG_INFORMATION_FORMAT = dwarf;
				ENABLE_STRICT_OBJC_MSGSEND = YES;
				ENABLE_TESTABILITY = YES;
				GCC_C_LANGUAGE_STANDARD = gnu11;
				GCC_DYNAMIC_NO_PIC = NO;
				GCC_NO_COMMON_BLOCKS = YES;
				GCC_OPTIMIZATION_LEVEL = 0;
				GCC_PREPROCESSOR_DEFINITIONS = (
					"DEBUG=1",
					"$(inherited)",
				);
				GCC_WARN_64_TO_32_BIT_CONVERSION = YES;
				GCC_WARN_ABOUT_RETURN_TYPE = YES_ERROR;
				GCC_WARN_UNDECLARED_SELECTOR = YES;
				GCC_WARN_UNINITIALIZED_AUTOS = YES_AGGRESSIVE;
				GCC_WARN_UNUSED_FUNCTION = YES;
				GCC_WARN_UNUSED_VARIABLE = YES;
				IPHONEOS_DEPLOYMENT_TARGET = 15.2;
				MTL_ENABLE_DEBUG_INFO = INCLUDE_SOURCE;
				MTL_FAST_MATH = YES;
				ONLY_ACTIVE_ARCH = YES;
				SDKROOT = iphoneos;
				SWIFT_ACTIVE_COMPILATION_CONDITIONS = DEBUG;
				SWIFT_OPTIMIZATION_LEVEL = "-Onone";
			};
			name = Debug;
		};
		FFAEF99D27D20B3F003C623A /* Release */ = {
			isa = XCBuildConfiguration;
			buildSettings = {
				ALWAYS_SEARCH_USER_PATHS = NO;
				CLANG_ANALYZER_NONNULL = YES;
				CLANG_ANALYZER_NUMBER_OBJECT_CONVERSION = YES_AGGRESSIVE;
				CLANG_CXX_LANGUAGE_STANDARD = "gnu++17";
				CLANG_CXX_LIBRARY = "libc++";
				CLANG_ENABLE_MODULES = YES;
				CLANG_ENABLE_OBJC_ARC = YES;
				CLANG_ENABLE_OBJC_WEAK = YES;
				CLANG_WARN_BLOCK_CAPTURE_AUTORELEASING = YES;
				CLANG_WARN_BOOL_CONVERSION = YES;
				CLANG_WARN_COMMA = YES;
				CLANG_WARN_CONSTANT_CONVERSION = YES;
				CLANG_WARN_DEPRECATED_OBJC_IMPLEMENTATIONS = YES;
				CLANG_WARN_DIRECT_OBJC_ISA_USAGE = YES_ERROR;
				CLANG_WARN_DOCUMENTATION_COMMENTS = YES;
				CLANG_WARN_EMPTY_BODY = YES;
				CLANG_WARN_ENUM_CONVERSION = YES;
				CLANG_WARN_INFINITE_RECURSION = YES;
				CLANG_WARN_INT_CONVERSION = YES;
				CLANG_WARN_NON_LITERAL_NULL_CONVERSION = YES;
				CLANG_WARN_OBJC_IMPLICIT_RETAIN_SELF = YES;
				CLANG_WARN_OBJC_LITERAL_CONVERSION = YES;
				CLANG_WARN_OBJC_ROOT_CLASS = YES_ERROR;
				CLANG_WARN_QUOTED_INCLUDE_IN_FRAMEWORK_HEADER = YES;
				CLANG_WARN_RANGE_LOOP_ANALYSIS = YES;
				CLANG_WARN_STRICT_PROTOTYPES = YES;
				CLANG_WARN_SUSPICIOUS_MOVE = YES;
				CLANG_WARN_UNGUARDED_AVAILABILITY = YES_AGGRESSIVE;
				CLANG_WARN_UNREACHABLE_CODE = YES;
				CLANG_WARN__DUPLICATE_METHOD_MATCH = YES;
				COPY_PHASE_STRIP = NO;
				DEBUG_INFORMATION_FORMAT = "dwarf-with-dsym";
				ENABLE_NS_ASSERTIONS = NO;
				ENABLE_STRICT_OBJC_MSGSEND = YES;
				GCC_C_LANGUAGE_STANDARD = gnu11;
				GCC_NO_COMMON_BLOCKS = YES;
				GCC_WARN_64_TO_32_BIT_CONVERSION = YES;
				GCC_WARN_ABOUT_RETURN_TYPE = YES_ERROR;
				GCC_WARN_UNDECLARED_SELECTOR = YES;
				GCC_WARN_UNINITIALIZED_AUTOS = YES_AGGRESSIVE;
				GCC_WARN_UNUSED_FUNCTION = YES;
				GCC_WARN_UNUSED_VARIABLE = YES;
				IPHONEOS_DEPLOYMENT_TARGET = 15.2;
				MTL_ENABLE_DEBUG_INFO = NO;
				MTL_FAST_MATH = YES;
				SDKROOT = iphoneos;
				SWIFT_COMPILATION_MODE = wholemodule;
				SWIFT_OPTIMIZATION_LEVEL = "-O";
				VALIDATE_PRODUCT = YES;
			};
			name = Release;
		};
		FFAEF99F27D20B3F003C623A /* Debug */ = {
			isa = XCBuildConfiguration;
			buildSettings = {
				ASSETCATALOG_COMPILER_APPICON_NAME = AppIcon;
				ASSETCATALOG_COMPILER_GLOBAL_ACCENT_COLOR_NAME = AccentColor;
				CODE_SIGN_STYLE = Automatic;
				CURRENT_PROJECT_VERSION = 1;
				GENERATE_INFOPLIST_FILE = YES;
				INFOPLIST_FILE = IOSOverview/Info.plist;
				INFOPLIST_KEY_UIApplicationSupportsIndirectInputEvents = YES;
				INFOPLIST_KEY_UILaunchStoryboardName = LaunchScreen;
				INFOPLIST_KEY_UIMainStoryboardFile = Main;
				INFOPLIST_KEY_UISupportedInterfaceOrientations_iPad = "UIInterfaceOrientationPortrait UIInterfaceOrientationPortraitUpsideDown UIInterfaceOrientationLandscapeLeft UIInterfaceOrientationLandscapeRight";
				INFOPLIST_KEY_UISupportedInterfaceOrientations_iPhone = "UIInterfaceOrientationPortrait UIInterfaceOrientationLandscapeLeft UIInterfaceOrientationLandscapeRight";
				LD_RUNPATH_SEARCH_PATHS = (
					"$(inherited)",
					"@executable_path/Frameworks",
				);
				MARKETING_VERSION = 1.0;
				PRODUCT_BUNDLE_IDENTIFIER = "--Dekstop-Sample-programs-for-practise.IOSOverview";
				PRODUCT_NAME = "$(TARGET_NAME)";
				SWIFT_EMIT_LOC_STRINGS = YES;
				SWIFT_VERSION = 5.0;
				TARGETED_DEVICE_FAMILY = "1,2";
			};
			name = Debug;
		};
		FFAEF9A027D20B3F003C623A /* Release */ = {
			isa = XCBuildConfiguration;
			buildSettings = {
				ASSETCATALOG_COMPILER_APPICON_NAME = AppIcon;
				ASSETCATALOG_COMPILER_GLOBAL_ACCENT_COLOR_NAME = AccentColor;
				CODE_SIGN_STYLE = Automatic;
				CURRENT_PROJECT_VERSION = 1;
				GENERATE_INFOPLIST_FILE = YES;
				INFOPLIST_FILE = IOSOverview/Info.plist;
				INFOPLIST_KEY_UIApplicationSupportsIndirectInputEvents = YES;
				INFOPLIST_KEY_UILaunchStoryboardName = LaunchScreen;
				INFOPLIST_KEY_UIMainStoryboardFile = Main;
				INFOPLIST_KEY_UISupportedInterfaceOrientations_iPad = "UIInterfaceOrientationPortrait UIInterfaceOrientationPortraitUpsideDown UIInterfaceOrientationLandscapeLeft UIInterfaceOrientationLandscapeRight";
				INFOPLIST_KEY_UISupportedInterfaceOrientations_iPhone = "UIInterfaceOrientationPortrait UIInterfaceOrientationLandscapeLeft UIInterfaceOrientationLandscapeRight";
				LD_RUNPATH_SEARCH_PATHS = (
					"$(inherited)",
					"@executable_path/Frameworks",
				);
				MARKETING_VERSION = 1.0;
				PRODUCT_BUNDLE_IDENTIFIER = "--Dekstop-Sample-programs-for-practise.IOSOverview";
				PRODUCT_NAME = "$(TARGET_NAME)";
				SWIFT_EMIT_LOC_STRINGS = YES;
				SWIFT_VERSION = 5.0;
				TARGETED_DEVICE_FAMILY = "1,2";
			};
			name = Release;
		};
		FFAEF9A227D20B3F003C623A /* Debug */ = {
			isa = XCBuildConfiguration;
			buildSettings = {
				ALWAYS_EMBED_SWIFT_STANDARD_LIBRARIES = YES;
				BUNDLE_LOADER = "$(TEST_HOST)";
				CODE_SIGN_STYLE = Automatic;
				CURRENT_PROJECT_VERSION = 1;
				GENERATE_INFOPLIST_FILE = YES;
				IPHONEOS_DEPLOYMENT_TARGET = 15.2;
				MARKETING_VERSION = 1.0;
				PRODUCT_BUNDLE_IDENTIFIER = "--Dekstop-Sample-programs-for-practise.IOSOverviewTests";
				PRODUCT_NAME = "$(TARGET_NAME)";
				SWIFT_EMIT_LOC_STRINGS = NO;
				SWIFT_VERSION = 5.0;
				TARGETED_DEVICE_FAMILY = "1,2";
				TEST_HOST = "$(BUILT_PRODUCTS_DIR)/IOSOverview.app/IOSOverview";
			};
			name = Debug;
		};
		FFAEF9A327D20B3F003C623A /* Release */ = {
			isa = XCBuildConfiguration;
			buildSettings = {
				ALWAYS_EMBED_SWIFT_STANDARD_LIBRARIES = YES;
				BUNDLE_LOADER = "$(TEST_HOST)";
				CODE_SIGN_STYLE = Automatic;
				CURRENT_PROJECT_VERSION = 1;
				GENERATE_INFOPLIST_FILE = YES;
				IPHONEOS_DEPLOYMENT_TARGET = 15.2;
				MARKETING_VERSION = 1.0;
				PRODUCT_BUNDLE_IDENTIFIER = "--Dekstop-Sample-programs-for-practise.IOSOverviewTests";
				PRODUCT_NAME = "$(TARGET_NAME)";
				SWIFT_EMIT_LOC_STRINGS = NO;
				SWIFT_VERSION = 5.0;
				TARGETED_DEVICE_FAMILY = "1,2";
				TEST_HOST = "$(BUILT_PRODUCTS_DIR)/IOSOverview.app/IOSOverview";
			};
			name = Release;
		};
		FFAEF9A527D20B3F003C623A /* Debug */ = {
			isa = XCBuildConfiguration;
			buildSettings = {
				ALWAYS_EMBED_SWIFT_STANDARD_LIBRARIES = YES;
				CODE_SIGN_STYLE = Automatic;
				CURRENT_PROJECT_VERSION = 1;
				GENERATE_INFOPLIST_FILE = YES;
				MARKETING_VERSION = 1.0;
				PRODUCT_BUNDLE_IDENTIFIER = "--Dekstop-Sample-programs-for-practise.IOSOverviewUITests";
				PRODUCT_NAME = "$(TARGET_NAME)";
				SWIFT_EMIT_LOC_STRINGS = NO;
				SWIFT_VERSION = 5.0;
				TARGETED_DEVICE_FAMILY = "1,2";
				TEST_TARGET_NAME = IOSOverview;
			};
			name = Debug;
		};
		FFAEF9A627D20B3F003C623A /* Release */ = {
			isa = XCBuildConfiguration;
			buildSettings = {
				ALWAYS_EMBED_SWIFT_STANDARD_LIBRARIES = YES;
				CODE_SIGN_STYLE = Automatic;
				CURRENT_PROJECT_VERSION = 1;
				GENERATE_INFOPLIST_FILE = YES;
				MARKETING_VERSION = 1.0;
				PRODUCT_BUNDLE_IDENTIFIER = "--Dekstop-Sample-programs-for-practise.IOSOverviewUITests";
				PRODUCT_NAME = "$(TARGET_NAME)";
				SWIFT_EMIT_LOC_STRINGS = NO;
				SWIFT_VERSION = 5.0;
				TARGETED_DEVICE_FAMILY = "1,2";
				TEST_TARGET_NAME = IOSOverview;
			};
			name = Release;
		};
/* End XCBuildConfiguration section */

/* Begin XCConfigurationList section */
		FFAEF96F27D20B3E003C623A /* Build configuration list for PBXProject "IOSOverview" */ = {
			isa = XCConfigurationList;
			buildConfigurations = (
				FFAEF99C27D20B3F003C623A /* Debug */,
				FFAEF99D27D20B3F003C623A /* Release */,
			);
			defaultConfigurationIsVisible = 0;
			defaultConfigurationName = Release;
		};
		FFAEF99E27D20B3F003C623A /* Build configuration list for PBXNativeTarget "IOSOverview" */ = {
			isa = XCConfigurationList;
			buildConfigurations = (
				FFAEF99F27D20B3F003C623A /* Debug */,
				FFAEF9A027D20B3F003C623A /* Release */,
			);
			defaultConfigurationIsVisible = 0;
			defaultConfigurationName = Release;
		};
		FFAEF9A127D20B3F003C623A /* Build configuration list for PBXNativeTarget "IOSOverviewTests" */ = {
			isa = XCConfigurationList;
			buildConfigurations = (
				FFAEF9A227D20B3F003C623A /* Debug */,
				FFAEF9A327D20B3F003C623A /* Release */,
			);
			defaultConfigurationIsVisible = 0;
			defaultConfigurationName = Release;
		};
		FFAEF9A427D20B3F003C623A /* Build configuration list for PBXNativeTarget "IOSOverviewUITests" */ = {
			isa = XCConfigurationList;
			buildConfigurations = (
				FFAEF9A527D20B3F003C623A /* Debug */,
				FFAEF9A627D20B3F003C623A /* Release */,
			);
			defaultConfigurationIsVisible = 0;
			defaultConfigurationName = Release;
		};
/* End XCConfigurationList section */
	};
	rootObject = FFAEF96C27D20B3E003C623A /* Project object */;
}
